# @generated by Move, please check-in and do not edit manually.

[move]
version = 3
manifest_digest = "6C901819F499733AE42BDDC1CB72C5C858862067CC97462058B35E4FC31B673E"
deps_digest = "F8BBB0CCB2491CA29A3DF03D6F92277A4F3574266507ACD77214D37ECA3F3082"
dependencies = [
  { id = "Sui", name = "Sui" },
]

[[move.package]]
id = "MoveStdlib"
source = { git = "https://github.com/MystenLabs/sui.git", rev = "framework/testnet", subdir = "crates/sui-framework/packages/move-stdlib" }

[[move.package]]
id = "Sui"
source = { git = "https://github.com/MystenLabs/sui.git", rev = "framework/testnet", subdir = "crates/sui-framework/packages/sui-framework" }

dependencies = [
  { id = "MoveStdlib", name = "MoveStdlib" },
]

[move.toolchain-version]
compiler-version = "1.37.2"
edition = "2024.beta"
flavor = "sui"

[env]

[env.suiscan]
chain-id = "4c78adac"
original-published-id = "0x26613c1dda4b4e9ed7abb03f1b5a7b360fdfae94bc936f77039c94663970b933"
latest-published-id = "0x26613c1dda4b4e9ed7abb03f1b5a7b360fdfae94bc936f77039c94663970b933"
published-version = "1"
